<?xml version="1.0" encoding="utf-8"?>
<Project ToolsVersion="4.0" xmlns="http://schemas.microsoft.com/developer/msbuild/2003">
  <ItemGroup>
    <Filter Include="Source Files">
      <UniqueIdentifier>{4FC737F1-C7A5-4376-A066-2A32D752A2FF}</UniqueIdentifier>
      <Extensions>cpp;c;cc;cxx;def;odl;idl;hpj;bat;asm;asmx</Extensions>
    </Filter>
    <Filter Include="Header Files">
      <UniqueIdentifier>{93995380-89BD-4b04-88EB-625FBE52EBFB}</UniqueIdentifier>
      <Extensions>h;hh;hpp;hxx;hm;inl;inc;xsd</Extensions>
    </Filter>
    <Filter Include="Resource Files">
      <UniqueIdentifier>{67DA6AB6-F800-4c08-8B7A-83BB121AAD01}</UniqueIdentifier>
      <Extensions>rc;ico;cur;bmp;dlg;rc2;rct;bin;rgs;gif;jpg;jpeg;jpe;resx;tiff;tif;png;wav;mfcribbon-ms</Extensions>
    </Filter>
    <Filter Include="Generated Files">
      <UniqueIdentifier>{b48127fe-66bd-4f30-a6c8-a789756e8196}</UniqueIdentifier>
      <SourceControlFiles>False</SourceControlFiles>
    </Filter>
    <Filter Include="1c Files">
      <UniqueIdentifier>{84c51894-cda9-43c7-87a4-0e9e712f7d9f}</UniqueIdentifier>
    </Filter>
    <Filter Include="Coco/r Files">
      <UniqueIdentifier>{acb9c45a-3e3c-4f39-bc50-80b85873f074}</UniqueIdentifier>
    </Filter>
  </ItemGroup>
  <ItemGroup>
    <ClCompile Include="stdafx.cpp">
      <Filter>Source Files</Filter>
    </ClCompile>
    <ClCompile Include="dllmain.cpp">
      <Filter>Source Files</Filter>
    </ClCompile>
    <ClCompile Include="AddInCom.cpp">
      <Filter>Source Files</Filter>
    </ClCompile>
    <ClCompile Include="generated\addin_i.c">
      <Filter>Generated Files</Filter>
    </ClCompile>
    <ClCompile Include="generated\evalcom2_i.c">
      <Filter>Generated Files</Filter>
    </ClCompile>
    <ClCompile Include="dllnative.cpp">
      <Filter>Source Files</Filter>
    </ClCompile>
    <ClCompile Include="dllcom.cpp">
      <Filter>Source Files</Filter>
    </ClCompile>
    <ClCompile Include="AddInNative.cpp">
      <Filter>Source Files</Filter>
    </ClCompile>
    <ClCompile Include="AddInComCore.cpp">
      <Filter>Source Files</Filter>
    </ClCompile>
    <ClCompile Include="Base64.cpp">
      <Filter>Source Files</Filter>
    </ClCompile>
    <ClCompile Include="AddInNativeCore.cpp">
      <Filter>Source Files</Filter>
    </ClCompile>
    <ClCompile Include="generated\Parser.cpp">
      <Filter>Generated Files</Filter>
    </ClCompile>
    <ClCompile Include="generated\Scanner.cpp">
      <Filter>Generated Files</Filter>
    </ClCompile>
    <ClCompile Include="ErrorDescription.cpp">
      <Filter>Source Files</Filter>
    </ClCompile>
    <ClCompile Include="Interpreter.cpp">
      <Filter>Source Files</Filter>
    </ClCompile>
    <ClCompile Include="Compiler.cpp">
      <Filter>Source Files</Filter>
    </ClCompile>
  </ItemGroup>
  <ItemGroup>
    <ClInclude Include="stdafx.h">
      <Filter>Header Files</Filter>
    </ClInclude>
    <ClInclude Include="targetver.h">
      <Filter>Header Files</Filter>
    </ClInclude>
    <ClInclude Include="Resource.h">
      <Filter>Header Files</Filter>
    </ClInclude>
    <ClInclude Include="AddInCom.h">
      <Filter>Header Files</Filter>
    </ClInclude>
    <ClInclude Include="1c\AddInDefBase.h">
      <Filter>1c Files</Filter>
    </ClInclude>
    <ClInclude Include="1c\addinlib.h">
      <Filter>1c Files</Filter>
    </ClInclude>
    <ClInclude Include="1c\com.h">
      <Filter>1c Files</Filter>
    </ClInclude>
    <ClInclude Include="1c\ComponentBase.h">
      <Filter>1c Files</Filter>
    </ClInclude>
    <ClInclude Include="1c\IMemoryManager.h">
      <Filter>1c Files</Filter>
    </ClInclude>
    <ClInclude Include="1c\types.h">
      <Filter>1c Files</Filter>
    </ClInclude>
    <ClInclude Include="generated\addin_i.h">
      <Filter>Generated Files</Filter>
    </ClInclude>
    <ClInclude Include="generated\evalcom2_i.h">
      <Filter>Generated Files</Filter>
    </ClInclude>
    <ClInclude Include="dllcom.h">
      <Filter>Header Files</Filter>
    </ClInclude>
    <ClInclude Include="AddInNative.h">
      <Filter>Header Files</Filter>
    </ClInclude>
    <ClInclude Include="AddInComCore.h">
      <Filter>Header Files</Filter>
    </ClInclude>
    <ClInclude Include="Base64.h">
      <Filter>Header Files</Filter>
    </ClInclude>
    <ClInclude Include="AddInNativeCore.h">
      <Filter>Header Files</Filter>
    </ClInclude>
    <ClInclude Include="generated\Parser.h">
      <Filter>Generated Files</Filter>
    </ClInclude>
    <ClInclude Include="generated\Scanner.h">
      <Filter>Generated Files</Filter>
    </ClInclude>
    <ClInclude Include="bytecode.h">
      <Filter>Header Files</Filter>
    </ClInclude>
    <ClInclude Include="context.h">
      <Filter>Header Files</Filter>
    </ClInclude>
    <ClInclude Include="ErrorDescription.h">
      <Filter>Header Files</Filter>
    </ClInclude>
    <ClInclude Include="Interpreter.h">
      <Filter>Header Files</Filter>
    </ClInclude>
    <ClInclude Include="Compiler.h">
      <Filter>Header Files</Filter>
    </ClInclude>
  </ItemGroup>
  <ItemGroup>
    <ResourceCompile Include="evalcom2.rc">
      <Filter>Resource Files</Filter>
    </ResourceCompile>
  </ItemGroup>
  <ItemGroup>
    <Text Include="ReadMe.txt" />
  </ItemGroup>
  <ItemGroup>
    <None Include="evalcom2.rgs">
      <Filter>Resource Files</Filter>
    </None>
    <None Include="AddInCom.rgs">
      <Filter>Resource Files</Filter>
    </None>
    <None Include="evalcom2.def">
      <Filter>Source Files</Filter>
    </None>
    <None Include="coco\cocorus.exe">
      <Filter>Coco/r Files</Filter>
    </None>
    <None Include="coco\Parser.frame">
      <Filter>Coco/r Files</Filter>
    </None>
    <None Include="coco\Scanner.frame">
      <Filter>Coco/r Files</Filter>
    </None>
    <None Include="expression.atg">
      <Filter>Coco/r Files</Filter>
    </None>
    <None Include="ErrorDescription.rgs">
      <Filter>Resource Files</Filter>
    </None>
  </ItemGroup>
  <ItemGroup>
    <Midl Include="evalcom2.idl">
      <Filter>Source Files</Filter>
    </Midl>
    <Midl Include="1c\addin.idl">
      <Filter>1c Files</Filter>
    </Midl>
  </ItemGroup>
</Project>